# THIS IS AN AUTOGENERATED FILE. DO NOT EDIT THIS FILE DIRECTLY.
# yarn lockfile v1


"@vuepress/plugin-back-to-top@^1.0.0-rc.1":
  version "1.0.0-rc.1"
  resolved "https://registry.yarnpkg.com/@vuepress/plugin-back-to-top/-/plugin-back-to-top-1.0.0-rc.1.tgz#91fb693f3c7d7a9d8019842bb061ad756445e4ca"
  dependencies:
    lodash.debounce "^4.0.8"

lodash.debounce@^4.0.8:
  version "4.0.8"
  resolved "https://registry.yarnpkg.com/lodash.debounce/-/lodash.debounce-4.0.8.tgz#82d79bff30a67c4005ffd5e2515300ad9ca4d7af"

moment@^2.24.0:
  version "2.24.0"
  resolved "https://registry.yarnpkg.com/moment/-/moment-2.24.0.tgz#0d055d53f5052aa653c9f6eb68bb5d12bf5c2b5b"
